PODS:
  - Charts (3.3.0):
    - Charts/Core (= 3.3.0)
  - Charts/Core (3.3.0)
  - QTc (3.4.1)
  - SigmaSwiftStatistics (9.0.2)
  - Validator (3.2.1)

DEPENDENCIES:
  - Charts (from `https://github.com/danielgindi/Charts`, branch `master`)
  - QTc (from `https://github.com/mannd/QTc.git`, branch `master`)
  - SigmaSwiftStatistics (from `https://github.com/evgenyneu/SigmaSwiftStatistics`, branch `master`)
  - Validator (from `https://github.com/adamwaite/Validator.git`, branch `master`)

EXTERNAL SOURCES:
  Charts:
    :branch: master
    :git: https://github.com/danielgindi/Charts
  QTc:
    :branch: master
    :git: https://github.com/mannd/QTc.git
  SigmaSwiftStatistics:
    :branch: master
    :git: https://github.com/evgenyneu/SigmaSwiftStatistics
  Validator:
    :branch: master
    :git: https://github.com/adamwaite/Validator.git

CHECKOUT OPTIONS:
  Charts:
    :commit: e93bfb9b7811b2d3953f95541949a2b93ba81a09
    :git: https://github.com/danielgindi/Charts
  QTc:
    :commit: fd2a0c53df5a1f98e11d8d2966b4bbc4566df12d
    :git: https://github.com/mannd/QTc.git
  SigmaSwiftStatistics:
    :commit: d36db09f97a1739edc8c63897220c7ecbb5de684
    :git: https://github.com/evgenyneu/SigmaSwiftStatistics
  Validator:
    :commit: 9dd9ac17fec55bd4cf8e2a3edf14c420fac15c10
    :git: https://github.com/adamwaite/Validator.git

SPEC CHECKSUMS:
  Charts: e0dd4cd8f257bccf98407b58183ddca8e8d5b578
  QTc: ede7a196a674e49a94a2e06be7a43347ceefae51
  SigmaSwiftStatistics: 0a7363d42331a5b8f57efb39155245544ce838a0
  Validator: 3f2bbba603ffaed17df71bb4e0fbac67404dbfca

PODFILE CHECKSUM: 19fe29641b96d86a6b43b227d0ffaf6ceb8d9630

COCOAPODS: 1.8.0.beta.1
