// !$*UTF8*$!
{
	archiveVersion = 1;
	classes = {
	};
	objectVersion = 54;
	objects = {

/* Begin PBXBuildFile section */
		8E097EEE1FDE1489003F380A /* AgeTextField.swift in Sources */ = {isa = PBXBuildFile; fileRef = 8E097EED1FDE1489003F380A /* AgeTextField.swift */; };
		8E0A142B23E222FF00BEFC4C /* Photos.framework in Frameworks */ = {isa = PBXBuildFile; fileRef = 8E0A142A23E222FF00BEFC4C /* Photos.framework */; };
		8E0A142E23E2312800BEFC4C /* System.swift in Sources */ = {isa = PBXBuildFile; fileRef = 8E0A142D23E2312800BEFC4C /* System.swift */; };
		8E0B892B1FDF9AA70018D8D1 /* About.swift in Sources */ = {isa = PBXBuildFile; fileRef = 8E0B892A1FDF9AA70018D8D1 /* About.swift */; };
		8E0B892D1FE0620B0018D8D1 /* QtFormulas.swift in Sources */ = {isa = PBXBuildFile; fileRef = 8E0B892C1FE0620B0018D8D1 /* QtFormulas.swift */; };
		8E10B7DD1FDA428A00A729D2 /* ResultsTableViewController.swift in Sources */ = {isa = PBXBuildFile; fileRef = 8E10B7DC1FDA428A00A729D2 /* ResultsTableViewController.swift */; };
		8E11AD932F3925070070F898 /* QTc in Frameworks */ = {isa = PBXBuildFile; productRef = 8E11AD922F3925070070F898 /* QTc */; };
		8E11AD952F3925230070F898 /* QTc in Frameworks */ = {isa = PBXBuildFile; productRef = 8E11AD942F3925230070F898 /* QTc */; };
		8E2A6F4E21F7E2B800756BB9 /* Alerts.swift in Sources */ = {isa = PBXBuildFile; fileRef = 8E2A6F4D21F7E2B800756BB9 /* Alerts.swift */; };
		8E30F0141FDDC1830072E5A8 /* CalculatorTextField.swift in Sources */ = {isa = PBXBuildFile; fileRef = 8E30F0131FDDC1830072E5A8 /* CalculatorTextField.swift */; };
		8E37AA692F3A5E9E0061A041 /* Validator in Frameworks */ = {isa = PBXBuildFile; productRef = 8E37AA682F3A5E9E0061A041 /* Validator */; };
		8E37AA6C2F3A63D00061A041 /* SigmaSwiftStatistics in Frameworks */ = {isa = PBXBuildFile; productRef = 8E37AA6B2F3A63D00061A041 /* SigmaSwiftStatistics */; };
		8E37AA6F2F3A660F0061A041 /* DGCharts in Frameworks */ = {isa = PBXBuildFile; productRef = 8E37AA6E2F3A660F0061A041 /* DGCharts */; };
		8E3FD15B20A1EBC1005E2943 /* QTpRRViewController.swift in Sources */ = {isa = PBXBuildFile; fileRef = 8E3FD15A20A1EBC1005E2943 /* QTpRRViewController.swift */; };
		8E47B1D020878F0D0042C5F9 /* PreferencesTableViewController.swift in Sources */ = {isa = PBXBuildFile; fileRef = 8E47B1CF20878F0D0042C5F9 /* PreferencesTableViewController.swift */; };
		8E47B1D2208F8FF10042C5F9 /* Preferences.swift in Sources */ = {isa = PBXBuildFile; fileRef = 8E47B1D1208F8FF10042C5F9 /* Preferences.swift */; };
		8E47B1D52091543E0042C5F9 /* QTcLimitsTableViewController.swift in Sources */ = {isa = PBXBuildFile; fileRef = 8E47B1D42091543E0042C5F9 /* QTcLimitsTableViewController.swift */; };
		8E47B1D72092AFEE0042C5F9 /* ResultModel.swift in Sources */ = {isa = PBXBuildFile; fileRef = 8E47B1D62092AFEE0042C5F9 /* ResultModel.swift */; };
		8E47B1D920937C000042C5F9 /* InterpretationCell.swift in Sources */ = {isa = PBXBuildFile; fileRef = 8E47B1D820937C000042C5F9 /* InterpretationCell.swift */; };
		8E47B1DB209571840042C5F9 /* ResultsModel.swift in Sources */ = {isa = PBXBuildFile; fileRef = 8E47B1DA209571840042C5F9 /* ResultsModel.swift */; };
		8E47B1E12096DE1E0042C5F9 /* BalloonMarker.swift in Sources */ = {isa = PBXBuildFile; fileRef = 8E47B1E02096DE1E0042C5F9 /* BalloonMarker.swift */; };
		8E47B1E42097F9CE0042C5F9 /* LimitsCell.swift in Sources */ = {isa = PBXBuildFile; fileRef = 8E47B1E32097F9CE0042C5F9 /* LimitsCell.swift */; };
		8E50622A206B099600BF9C3E /* StatsTableViewController.swift in Sources */ = {isa = PBXBuildFile; fileRef = 8E506229206B099600BF9C3E /* StatsTableViewController.swift */; };
		8E50622C206B0A2800BF9C3E /* StatsModel.swift in Sources */ = {isa = PBXBuildFile; fileRef = 8E50622B206B0A2800BF9C3E /* StatsModel.swift */; };
		8E50622E206B123C00BF9C3E /* StatsViewModel.swift in Sources */ = {isa = PBXBuildFile; fileRef = 8E50622D206B123C00BF9C3E /* StatsViewModel.swift */; };
		8E5B0E412097FF4700F7AA9C /* LimitsReferenceCell.swift in Sources */ = {isa = PBXBuildFile; fileRef = 8E5B0E402097FF4700F7AA9C /* LimitsReferenceCell.swift */; };
		8E5BA617206B1E6500B35B12 /* SimpleStatsCell.swift in Sources */ = {isa = PBXBuildFile; fileRef = 8E5BA616206B1E6500B35B12 /* SimpleStatsCell.swift */; };
		8E6E55A11FD30B66004B1B2F /* AppDelegate.swift in Sources */ = {isa = PBXBuildFile; fileRef = 8E6E55A01FD30B66004B1B2F /* AppDelegate.swift */; };
		8E6E55A61FD30B66004B1B2F /* Main.storyboard in Resources */ = {isa = PBXBuildFile; fileRef = 8E6E55A41FD30B66004B1B2F /* Main.storyboard */; };
		8E6E55A81FD30B66004B1B2F /* Assets.xcassets in Resources */ = {isa = PBXBuildFile; fileRef = 8E6E55A71FD30B66004B1B2F /* Assets.xcassets */; };
		8E6E55AB1FD30B66004B1B2F /* LaunchScreen.storyboard in Resources */ = {isa = PBXBuildFile; fileRef = 8E6E55A91FD30B66004B1B2F /* LaunchScreen.storyboard */; };
		8E6E55B61FD30B66004B1B2F /* EP_QTcTests.swift in Sources */ = {isa = PBXBuildFile; fileRef = 8E6E55B51FD30B66004B1B2F /* EP_QTcTests.swift */; };
		8E6E55C11FD31D3A004B1B2F /* CalculatorViewController.swift in Sources */ = {isa = PBXBuildFile; fileRef = 8E6E55C01FD31D3A004B1B2F /* CalculatorViewController.swift */; };
		8E6E55C31FD32643004B1B2F /* Measurements.swift in Sources */ = {isa = PBXBuildFile; fileRef = 8E6E55C21FD32643004B1B2F /* Measurements.swift */; };
		8E702DF921B60E170095BF87 /* ParameterCell.swift in Sources */ = {isa = PBXBuildFile; fileRef = 8E702DF821B60E170095BF87 /* ParameterCell.swift */; };
		8E7E241D2080FFE400A1BE89 /* GraphViewController.swift in Sources */ = {isa = PBXBuildFile; fileRef = 8E7E241C2080FFE400A1BE89 /* GraphViewController.swift */; };
		8E8C22941FECA6AE000A1C9A /* ResultTableViewCell.swift in Sources */ = {isa = PBXBuildFile; fileRef = 8E8C22931FECA6AE000A1C9A /* ResultTableViewCell.swift */; };
		8E9674C62049032200D49C05 /* ResultViewModel.swift in Sources */ = {isa = PBXBuildFile; fileRef = 8E9674C52049032200D49C05 /* ResultViewModel.swift */; };
		8E9674C9204909A200D49C05 /* DetailsViewModel.swift in Sources */ = {isa = PBXBuildFile; fileRef = 8E9674C8204909A200D49C05 /* DetailsViewModel.swift */; };
		8E9674CB204917C500D49C05 /* DetailsModel.swift in Sources */ = {isa = PBXBuildFile; fileRef = 8E9674CA204917C500D49C05 /* DetailsModel.swift */; };
		8EA5108D20509EB600D77A77 /* FormulaNameCell.swift in Sources */ = {isa = PBXBuildFile; fileRef = 8EA5108C20509EB600D77A77 /* FormulaNameCell.swift */; };
		8EB7E1EA20BE3FBB00031FF4 /* docs in Resources */ = {isa = PBXBuildFile; fileRef = 8EB7E1E920BE3FBB00031FF4 /* docs */; };
		8EBE89D1205C37F700A60296 /* EquationCell.swift in Sources */ = {isa = PBXBuildFile; fileRef = 8EBE89D0205C37F700A60296 /* EquationCell.swift */; };
		8EBE89D3205C3A2400A60296 /* DetailsCell.swift in Sources */ = {isa = PBXBuildFile; fileRef = 8EBE89D2205C3A2400A60296 /* DetailsCell.swift */; };
		8EBE89D5205C3CD900A60296 /* ReferenceCell.swift in Sources */ = {isa = PBXBuildFile; fileRef = 8EBE89D4205C3CD900A60296 /* ReferenceCell.swift */; };
		8EBE89D7205C3CEA00A60296 /* NotesCell.swift in Sources */ = {isa = PBXBuildFile; fileRef = 8EBE89D6205C3CEA00A60296 /* NotesCell.swift */; };
		8ECE0CED207E691800135717 /* Calculator.swift in Sources */ = {isa = PBXBuildFile; fileRef = 8ECE0CEC207E691800135717 /* Calculator.swift */; };
		8ED652A320A35FFF00001ABB /* GraphViewModel.swift in Sources */ = {isa = PBXBuildFile; fileRef = 8ED652A220A35FFF00001ABB /* GraphViewModel.swift */; };
		8ED652A520A36B3800001ABB /* QTpRRViewModel.swift in Sources */ = {isa = PBXBuildFile; fileRef = 8ED652A420A36B3800001ABB /* QTpRRViewModel.swift */; };
		8ED6619C209CC83F000513B1 /* LimitsDescriptionCell.swift in Sources */ = {isa = PBXBuildFile; fileRef = 8ED6619B209CC83F000513B1 /* LimitsDescriptionCell.swift */; };
		8ED6619E209CD5AE000513B1 /* Severity.swift in Sources */ = {isa = PBXBuildFile; fileRef = 8ED6619D209CD5AE000513B1 /* Severity.swift */; };
		8EDB08432059EAC7008123D9 /* ResultCell.swift in Sources */ = {isa = PBXBuildFile; fileRef = 8EDB08422059EAC7008123D9 /* ResultCell.swift */; };
		8EE53A3C20BB124E00F7D1FF /* HelpViewController.swift in Sources */ = {isa = PBXBuildFile; fileRef = 8EE53A3B20BB124E00F7D1FF /* HelpViewController.swift */; };
		8EE870DB2018F19D00833493 /* DetailsTableViewController.swift in Sources */ = {isa = PBXBuildFile; fileRef = 8EE870DA2018F19D00833493 /* DetailsTableViewController.swift */; };
		8EEC282E2051D0750060A5AD /* SingleLabelCell.swift in Sources */ = {isa = PBXBuildFile; fileRef = 8EEC282D2051D0750060A5AD /* SingleLabelCell.swift */; };
		8EEC28302051D09D0060A5AD /* TwoLabelCell.swift in Sources */ = {isa = PBXBuildFile; fileRef = 8EEC282F2051D09D0060A5AD /* TwoLabelCell.swift */; };
/* End PBXBuildFile section */

/* Begin PBXContainerItemProxy section */
		8E6E55B21FD30B66004B1B2F /* PBXContainerItemProxy */ = {
			isa = PBXContainerItemProxy;
			containerPortal = 8E6E55951FD30B66004B1B2F /* Project object */;
			proxyType = 1;
			remoteGlobalIDString = 8E6E559C1FD30B66004B1B2F;
			remoteInfo = "EP QTc";
		};
/* End PBXContainerItemProxy section */

/* Begin PBXFileReference section */
		5434130C611B9F25955EAF28 /* Pods_EP_QTc.framework */ = {isa = PBXFileReference; explicitFileType = wrapper.framework; includeInIndex = 0; path = Pods_EP_QTc.framework; sourceTree = BUILT_PRODUCTS_DIR; };
		8E097EED1FDE1489003F380A /* AgeTextField.swift */ = {isa = PBXFileReference; lastKnownFileType = sourcecode.swift; path = AgeTextField.swift; sourceTree = "<group>"; };
		8E0A142923E2203800BEFC4C /* EP QTc.entitlements */ = {isa = PBXFileReference; lastKnownFileType = text.plist.entitlements; path = "EP QTc.entitlements"; sourceTree = "<group>"; };
		8E0A142A23E222FF00BEFC4C /* Photos.framework */ = {isa = PBXFileReference; lastKnownFileType = wrapper.framework; name = Photos.framework; path = Platforms/MacOSX.platform/Developer/SDKs/MacOSX10.15.sdk/System/Library/Frameworks/Photos.framework; sourceTree = DEVELOPER_DIR; };
		8E0A142D23E2312800BEFC4C /* System.swift */ = {isa = PBXFileReference; lastKnownFileType = sourcecode.swift; path = System.swift; sourceTree = "<group>"; };
		8E0B892A1FDF9AA70018D8D1 /* About.swift */ = {isa = PBXFileReference; lastKnownFileType = sourcecode.swift; path = About.swift; sourceTree = "<group>"; };
		8E0B892C1FE0620B0018D8D1 /* QtFormulas.swift */ = {isa = PBXFileReference; lastKnownFileType = sourcecode.swift; path = QtFormulas.swift; sourceTree = "<group>"; };
		8E10B7DC1FDA428A00A729D2 /* ResultsTableViewController.swift */ = {isa = PBXFileReference; lastKnownFileType = sourcecode.swift; path = ResultsTableViewController.swift; sourceTree = "<group>"; };
		8E2A6F4D21F7E2B800756BB9 /* Alerts.swift */ = {isa = PBXFileReference; lastKnownFileType = sourcecode.swift; path = Alerts.swift; sourceTree = "<group>"; };
		8E30F0131FDDC1830072E5A8 /* CalculatorTextField.swift */ = {isa = PBXFileReference; lastKnownFileType = sourcecode.swift; path = CalculatorTextField.swift; sourceTree = "<group>"; };
		8E3FD15A20A1EBC1005E2943 /* QTpRRViewController.swift */ = {isa = PBXFileReference; lastKnownFileType = sourcecode.swift; path = QTpRRViewController.swift; sourceTree = "<group>"; };
		8E47B1CF20878F0D0042C5F9 /* PreferencesTableViewController.swift */ = {isa = PBXFileReference; lastKnownFileType = sourcecode.swift; path = PreferencesTableViewController.swift; sourceTree = "<group>"; };
		8E47B1D1208F8FF10042C5F9 /* Preferences.swift */ = {isa = PBXFileReference; lastKnownFileType = sourcecode.swift; path = Preferences.swift; sourceTree = "<group>"; };
		8E47B1D42091543E0042C5F9 /* QTcLimitsTableViewController.swift */ = {isa = PBXFileReference; lastKnownFileType = sourcecode.swift; path = QTcLimitsTableViewController.swift; sourceTree = "<group>"; };
		8E47B1D62092AFEE0042C5F9 /* ResultModel.swift */ = {isa = PBXFileReference; lastKnownFileType = sourcecode.swift; path = ResultModel.swift; sourceTree = "<group>"; };
		8E47B1D820937C000042C5F9 /* InterpretationCell.swift */ = {isa = PBXFileReference; lastKnownFileType = sourcecode.swift; path = InterpretationCell.swift; sourceTree = "<group>"; };
		8E47B1DA209571840042C5F9 /* ResultsModel.swift */ = {isa = PBXFileReference; lastKnownFileType = sourcecode.swift; path = ResultsModel.swift; sourceTree = "<group>"; };
		8E47B1E02096DE1E0042C5F9 /* BalloonMarker.swift */ = {isa = PBXFileReference; fileEncoding = 4; lastKnownFileType = sourcecode.swift; path = BalloonMarker.swift; sourceTree = "<group>"; };
		8E47B1E32097F9CE0042C5F9 /* LimitsCell.swift */ = {isa = PBXFileReference; lastKnownFileType = sourcecode.swift; path = LimitsCell.swift; sourceTree = "<group>"; };
		8E506229206B099600BF9C3E /* StatsTableViewController.swift */ = {isa = PBXFileReference; lastKnownFileType = sourcecode.swift; path = StatsTableViewController.swift; sourceTree = "<group>"; };
		8E50622B206B0A2800BF9C3E /* StatsModel.swift */ = {isa = PBXFileReference; lastKnownFileType = sourcecode.swift; path = StatsModel.swift; sourceTree = "<group>"; };
		8E50622D206B123C00BF9C3E /* StatsViewModel.swift */ = {isa = PBXFileReference; lastKnownFileType = sourcecode.swift; path = StatsViewModel.swift; sourceTree = "<group>"; };
		8E5B0E402097FF4700F7AA9C /* LimitsReferenceCell.swift */ = {isa = PBXFileReference; lastKnownFileType = sourcecode.swift; path = LimitsReferenceCell.swift; sourceTree = "<group>"; };
		8E5BA616206B1E6500B35B12 /* SimpleStatsCell.swift */ = {isa = PBXFileReference; lastKnownFileType = sourcecode.swift; path = SimpleStatsCell.swift; sourceTree = "<group>"; };
		8E6E559D1FD30B66004B1B2F /* EP QTc.app */ = {isa = PBXFileReference; explicitFileType = wrapper.application; includeInIndex = 0; path = "EP QTc.app"; sourceTree = BUILT_PRODUCTS_DIR; };
		8E6E55A01FD30B66004B1B2F /* AppDelegate.swift */ = {isa = PBXFileReference; lastKnownFileType = sourcecode.swift; path = AppDelegate.swift; sourceTree = "<group>"; };
		8E6E55A51FD30B66004B1B2F /* Base */ = {isa = PBXFileReference; lastKnownFileType = file.storyboard; name = Base; path = Base.lproj/Main.storyboard; sourceTree = "<group>"; };
		8E6E55A71FD30B66004B1B2F /* Assets.xcassets */ = {isa = PBXFileReference; lastKnownFileType = folder.assetcatalog; path = Assets.xcassets; sourceTree = "<group>"; };
		8E6E55AA1FD30B66004B1B2F /* Base */ = {isa = PBXFileReference; lastKnownFileType = file.storyboard; name = Base; path = Base.lproj/LaunchScreen.storyboard; sourceTree = "<group>"; };
		8E6E55AC1FD30B66004B1B2F /* Info.plist */ = {isa = PBXFileReference; lastKnownFileType = text.plist.xml; path = Info.plist; sourceTree = "<group>"; };
		8E6E55B11FD30B66004B1B2F /* EP QTcTests.xctest */ = {isa = PBXFileReference; explicitFileType = wrapper.cfbundle; includeInIndex = 0; path = "EP QTcTests.xctest"; sourceTree = BUILT_PRODUCTS_DIR; };
		8E6E55B51FD30B66004B1B2F /* EP_QTcTests.swift */ = {isa = PBXFileReference; lastKnownFileType = sourcecode.swift; path = EP_QTcTests.swift; sourceTree = "<group>"; };
		8E6E55B71FD30B66004B1B2F /* Info.plist */ = {isa = PBXFileReference; lastKnownFileType = text.plist.xml; path = Info.plist; sourceTree = "<group>"; };
		8E6E55C01FD31D3A004B1B2F /* CalculatorViewController.swift */ = {isa = PBXFileReference; lastKnownFileType = sourcecode.swift; path = CalculatorViewController.swift; sourceTree = "<group>"; };
		8E6E55C21FD32643004B1B2F /* Measurements.swift */ = {isa = PBXFileReference; lastKnownFileType = sourcecode.swift; path = Measurements.swift; sourceTree = "<group>"; };
		8E702DF821B60E170095BF87 /* ParameterCell.swift */ = {isa = PBXFileReference; fileEncoding = 4; lastKnownFileType = sourcecode.swift; path = ParameterCell.swift; sourceTree = "<group>"; };
		8E7E241C2080FFE400A1BE89 /* GraphViewController.swift */ = {isa = PBXFileReference; lastKnownFileType = sourcecode.swift; path = GraphViewController.swift; sourceTree = "<group>"; };
		8E8C22931FECA6AE000A1C9A /* ResultTableViewCell.swift */ = {isa = PBXFileReference; lastKnownFileType = sourcecode.swift; path = ResultTableViewCell.swift; sourceTree = "<group>"; };
		8E9674C52049032200D49C05 /* ResultViewModel.swift */ = {isa = PBXFileReference; lastKnownFileType = sourcecode.swift; path = ResultViewModel.swift; sourceTree = "<group>"; };
		8E9674C8204909A200D49C05 /* DetailsViewModel.swift */ = {isa = PBXFileReference; lastKnownFileType = sourcecode.swift; path = DetailsViewModel.swift; sourceTree = "<group>"; };
		8E9674CA204917C500D49C05 /* DetailsModel.swift */ = {isa = PBXFileReference; lastKnownFileType = sourcecode.swift; path = DetailsModel.swift; sourceTree = "<group>"; };
		8E9A44602B7424BF00DA2343 /* DGCharts.framework */ = {isa = PBXFileReference; explicitFileType = wrapper.framework; path = DGCharts.framework; sourceTree = BUILT_PRODUCTS_DIR; };
		8EA5108C20509EB600D77A77 /* FormulaNameCell.swift */ = {isa = PBXFileReference; lastKnownFileType = sourcecode.swift; path = FormulaNameCell.swift; sourceTree = "<group>"; };
		8EB7E1E920BE3FBB00031FF4 /* docs */ = {isa = PBXFileReference; lastKnownFileType = folder; path = docs; sourceTree = SOURCE_ROOT; };
		8EBE89D0205C37F700A60296 /* EquationCell.swift */ = {isa = PBXFileReference; lastKnownFileType = sourcecode.swift; path = EquationCell.swift; sourceTree = "<group>"; };
		8EBE89D2205C3A2400A60296 /* DetailsCell.swift */ = {isa = PBXFileReference; lastKnownFileType = sourcecode.swift; path = DetailsCell.swift; sourceTree = "<group>"; };
		8EBE89D4205C3CD900A60296 /* ReferenceCell.swift */ = {isa = PBXFileReference; lastKnownFileType = sourcecode.swift; path = ReferenceCell.swift; sourceTree = "<group>"; };
		8EBE89D6205C3CEA00A60296 /* NotesCell.swift */ = {isa = PBXFileReference; lastKnownFileType = sourcecode.swift; path = NotesCell.swift; sourceTree = "<group>"; };
		8ECE0CEC207E691800135717 /* Calculator.swift */ = {isa = PBXFileReference; lastKnownFileType = sourcecode.swift; path = Calculator.swift; sourceTree = "<group>"; };
		8ED652A220A35FFF00001ABB /* GraphViewModel.swift */ = {isa = PBXFileReference; lastKnownFileType = sourcecode.swift; path = GraphViewModel.swift; sourceTree = "<group>"; };
		8ED652A420A36B3800001ABB /* QTpRRViewModel.swift */ = {isa = PBXFileReference; lastKnownFileType = sourcecode.swift; path = QTpRRViewModel.swift; sourceTree = "<group>"; };
		8ED6619B209CC83F000513B1 /* LimitsDescriptionCell.swift */ = {isa = PBXFileReference; lastKnownFileType = sourcecode.swift; path = LimitsDescriptionCell.swift; sourceTree = "<group>"; };
		8ED6619D209CD5AE000513B1 /* Severity.swift */ = {isa = PBXFileReference; lastKnownFileType = sourcecode.swift; path = Severity.swift; sourceTree = "<group>"; };
		8EDB08422059EAC7008123D9 /* ResultCell.swift */ = {isa = PBXFileReference; lastKnownFileType = sourcecode.swift; path = ResultCell.swift; sourceTree = "<group>"; };
		8EE0B47D266EF378006DEC27 /* CoreGraphics.framework */ = {isa = PBXFileReference; lastKnownFileType = wrapper.framework; name = CoreGraphics.framework; path = Platforms/MacOSX.platform/Developer/SDKs/MacOSX11.3.sdk/System/Library/Frameworks/CoreGraphics.framework; sourceTree = DEVELOPER_DIR; };
		8EE53A3B20BB124E00F7D1FF /* HelpViewController.swift */ = {isa = PBXFileReference; lastKnownFileType = sourcecode.swift; path = HelpViewController.swift; sourceTree = "<group>"; };
		8EE870DA2018F19D00833493 /* DetailsTableViewController.swift */ = {isa = PBXFileReference; lastKnownFileType = sourcecode.swift; path = DetailsTableViewController.swift; sourceTree = "<group>"; };
		8EEC282D2051D0750060A5AD /* SingleLabelCell.swift */ = {isa = PBXFileReference; lastKnownFileType = sourcecode.swift; path = SingleLabelCell.swift; sourceTree = "<group>"; };
		8EEC282F2051D09D0060A5AD /* TwoLabelCell.swift */ = {isa = PBXFileReference; lastKnownFileType = sourcecode.swift; path = TwoLabelCell.swift; sourceTree = "<group>"; };
		937AAFC23376C28297D06FC6 /* Pods_EP_QTcTests.framework */ = {isa = PBXFileReference; explicitFileType = wrapper.framework; includeInIndex = 0; path = Pods_EP_QTcTests.framework; sourceTree = BUILT_PRODUCTS_DIR; };
/* End PBXFileReference section */

/* Begin PBXFrameworksBuildPhase section */
		8E6E559A1FD30B66004B1B2F /* Frameworks */ = {
			isa = PBXFrameworksBuildPhase;
			buildActionMask = 2147483647;
			files = (
				8E11AD932F3925070070F898 /* QTc in Frameworks */,
				8E0A142B23E222FF00BEFC4C /* Photos.framework in Frameworks */,
				8E37AA6C2F3A63D00061A041 /* SigmaSwiftStatistics in Frameworks */,
				8E37AA6F2F3A660F0061A041 /* DGCharts in Frameworks */,
				8E37AA692F3A5E9E0061A041 /* Validator in Frameworks */,
			);
			runOnlyForDeploymentPostprocessing = 0;
		};
		8E6E55AE1FD30B66004B1B2F /* Frameworks */ = {
			isa = PBXFrameworksBuildPhase;
			buildActionMask = 2147483647;
			files = (
				8E11AD952F3925230070F898 /* QTc in Frameworks */,
			);
			runOnlyForDeploymentPostprocessing = 0;
		};
/* End PBXFrameworksBuildPhase section */

/* Begin PBXGroup section */
		0C884E0CA2294839591E53EA /* Frameworks */ = {
			isa = PBXGroup;
			children = (
				8E9A44602B7424BF00DA2343 /* DGCharts.framework */,
				8EE0B47D266EF378006DEC27 /* CoreGraphics.framework */,
				8E0A142A23E222FF00BEFC4C /* Photos.framework */,
				5434130C611B9F25955EAF28 /* Pods_EP_QTc.framework */,
				937AAFC23376C28297D06FC6 /* Pods_EP_QTcTests.framework */,
			);
			name = Frameworks;
			sourceTree = "<group>";
		};
		8E0A142C23E230FF00BEFC4C /* System */ = {
			isa = PBXGroup;
			children = (
				8E0A142D23E2312800BEFC4C /* System.swift */,
			);
			path = System;
			sourceTree = "<group>";
		};
		8E30F00F1FDDBFC60072E5A8 /* Storyboards */ = {
			isa = PBXGroup;
			children = (
				8E6E55A41FD30B66004B1B2F /* Main.storyboard */,
				8E6E55A91FD30B66004B1B2F /* LaunchScreen.storyboard */,
			);
			path = Storyboards;
			sourceTree = "<group>";
		};
		8E30F0101FDDC00F0072E5A8 /* Controllers */ = {
			isa = PBXGroup;
			children = (
				8E6E55C01FD31D3A004B1B2F /* CalculatorViewController.swift */,
				8E10B7DC1FDA428A00A729D2 /* ResultsTableViewController.swift */,
				8EE870DA2018F19D00833493 /* DetailsTableViewController.swift */,
				8E506229206B099600BF9C3E /* StatsTableViewController.swift */,
				8E7E241C2080FFE400A1BE89 /* GraphViewController.swift */,
				8E47B1CF20878F0D0042C5F9 /* PreferencesTableViewController.swift */,
				8E47B1D42091543E0042C5F9 /* QTcLimitsTableViewController.swift */,
				8E3FD15A20A1EBC1005E2943 /* QTpRRViewController.swift */,
				8EE53A3B20BB124E00F7D1FF /* HelpViewController.swift */,
			);
			path = Controllers;
			sourceTree = "<group>";
		};
		8E30F0111FDDC04B0072E5A8 /* Models */ = {
			isa = PBXGroup;
			children = (
				8E6E55C21FD32643004B1B2F /* Measurements.swift */,
				8E0B892C1FE0620B0018D8D1 /* QtFormulas.swift */,
				8E9674CA204917C500D49C05 /* DetailsModel.swift */,
				8E50622B206B0A2800BF9C3E /* StatsModel.swift */,
				8ECE0CEC207E691800135717 /* Calculator.swift */,
				8E47B1D1208F8FF10042C5F9 /* Preferences.swift */,
				8E47B1D62092AFEE0042C5F9 /* ResultModel.swift */,
				8E47B1DA209571840042C5F9 /* ResultsModel.swift */,
				8ED6619D209CD5AE000513B1 /* Severity.swift */,
				8E2A6F4D21F7E2B800756BB9 /* Alerts.swift */,
			);
			path = Models;
			sourceTree = "<group>";
		};
		8E30F0121FDDC0820072E5A8 /* Views */ = {
			isa = PBXGroup;
			children = (
				8E702DF821B60E170095BF87 /* ParameterCell.swift */,
				8E47B1E02096DE1E0042C5F9 /* BalloonMarker.swift */,
				8E30F0131FDDC1830072E5A8 /* CalculatorTextField.swift */,
				8E097EED1FDE1489003F380A /* AgeTextField.swift */,
				8E0B892A1FDF9AA70018D8D1 /* About.swift */,
				8E8C22931FECA6AE000A1C9A /* ResultTableViewCell.swift */,
				8EA5108C20509EB600D77A77 /* FormulaNameCell.swift */,
				8EEC282D2051D0750060A5AD /* SingleLabelCell.swift */,
				8EEC282F2051D09D0060A5AD /* TwoLabelCell.swift */,
				8EDB08422059EAC7008123D9 /* ResultCell.swift */,
				8EBE89D0205C37F700A60296 /* EquationCell.swift */,
				8EBE89D2205C3A2400A60296 /* DetailsCell.swift */,
				8EBE89D4205C3CD900A60296 /* ReferenceCell.swift */,
				8EBE89D6205C3CEA00A60296 /* NotesCell.swift */,
				8E5BA616206B1E6500B35B12 /* SimpleStatsCell.swift */,
				8E47B1D820937C000042C5F9 /* InterpretationCell.swift */,
				8E47B1E32097F9CE0042C5F9 /* LimitsCell.swift */,
				8E5B0E402097FF4700F7AA9C /* LimitsReferenceCell.swift */,
				8ED6619B209CC83F000513B1 /* LimitsDescriptionCell.swift */,
			);
			path = Views;
			sourceTree = "<group>";
		};
		8E4DE7EB25606D8400643FC0 /* Extensions */ = {
			isa = PBXGroup;
			children = (
			);
			path = Extensions;
			sourceTree = "<group>";
		};
		8E6E55941FD30B66004B1B2F = {
			isa = PBXGroup;
			children = (
				8E6E559F1FD30B66004B1B2F /* EP QTc */,
				8E6E55B41FD30B66004B1B2F /* EP QTcTests */,
				8E6E559E1FD30B66004B1B2F /* Products */,
				0C884E0CA2294839591E53EA /* Frameworks */,
			);
			sourceTree = "<group>";
		};
		8E6E559E1FD30B66004B1B2F /* Products */ = {
			isa = PBXGroup;
			children = (
				8E6E559D1FD30B66004B1B2F /* EP QTc.app */,
				8E6E55B11FD30B66004B1B2F /* EP QTcTests.xctest */,
			);
			name = Products;
			sourceTree = "<group>";
		};
		8E6E559F1FD30B66004B1B2F /* EP QTc */ = {
			isa = PBXGroup;
			children = (
				8E4DE7EB25606D8400643FC0 /* Extensions */,
				8E0A142923E2203800BEFC4C /* EP QTc.entitlements */,
				8EB7E1E920BE3FBB00031FF4 /* docs */,
				8E6E55A01FD30B66004B1B2F /* AppDelegate.swift */,
				8E0A142C23E230FF00BEFC4C /* System */,
				8E30F00F1FDDBFC60072E5A8 /* Storyboards */,
				8E30F0111FDDC04B0072E5A8 /* Models */,
				8E9674C72049033200D49C05 /* ViewModels */,
				8E30F0101FDDC00F0072E5A8 /* Controllers */,
				8E30F0121FDDC0820072E5A8 /* Views */,
				8E6E55A71FD30B66004B1B2F /* Assets.xcassets */,
				8E6E55AC1FD30B66004B1B2F /* Info.plist */,
			);
			path = "EP QTc";
			sourceTree = "<group>";
		};
		8E6E55B41FD30B66004B1B2F /* EP QTcTests */ = {
			isa = PBXGroup;
			children = (
				8E6E55B51FD30B66004B1B2F /* EP_QTcTests.swift */,
				8E6E55B71FD30B66004B1B2F /* Info.plist */,
			);
			path = "EP QTcTests";
			sourceTree = "<group>";
		};
		8E9674C72049033200D49C05 /* ViewModels */ = {
			isa = PBXGroup;
			children = (
				8E9674C52049032200D49C05 /* ResultViewModel.swift */,
				8E9674C8204909A200D49C05 /* DetailsViewModel.swift */,
				8E50622D206B123C00BF9C3E /* StatsViewModel.swift */,
				8ED652A220A35FFF00001ABB /* GraphViewModel.swift */,
				8ED652A420A36B3800001ABB /* QTpRRViewModel.swift */,
			);
			path = ViewModels;
			sourceTree = "<group>";
		};
/* End PBXGroup section */

/* Begin PBXNativeTarget section */
		8E6E559C1FD30B66004B1B2F /* EP QTc */ = {
			isa = PBXNativeTarget;
			buildConfigurationList = 8E6E55BA1FD30B66004B1B2F /* Build configuration list for PBXNativeTarget "EP QTc" */;
			buildPhases = (
				8E6E55991FD30B66004B1B2F /* Sources */,
				8E6E559A1FD30B66004B1B2F /* Frameworks */,
				8E6E559B1FD30B66004B1B2F /* Resources */,
			);
			buildRules = (
			);
			dependencies = (
			);
			name = "EP QTc";
			productName = "EP QTc";
			productReference = 8E6E559D1FD30B66004B1B2F /* EP QTc.app */;
			productType = "com.apple.product-type.application";
		};
		8E6E55B01FD30B66004B1B2F /* EP QTcTests */ = {
			isa = PBXNativeTarget;
			buildConfigurationList = 8E6E55BD1FD30B66004B1B2F /* Build configuration list for PBXNativeTarget "EP QTcTests" */;
			buildPhases = (
				8E6E55AD1FD30B66004B1B2F /* Sources */,
				8E6E55AE1FD30B66004B1B2F /* Frameworks */,
				8E6E55AF1FD30B66004B1B2F /* Resources */,
			);
			buildRules = (
			);
			dependencies = (
				8E6E55B31FD30B66004B1B2F /* PBXTargetDependency */,
			);
			name = "EP QTcTests";
			productName = "EP QTcTests";
			productReference = 8E6E55B11FD30B66004B1B2F /* EP QTcTests.xctest */;
			productType = "com.apple.product-type.bundle.unit-test";
		};
/* End PBXNativeTarget section */

/* Begin PBXProject section */
		8E6E55951FD30B66004B1B2F /* Project object */ = {
			isa = PBXProject;
			attributes = {
				BuildIndependentTargetsInParallel = YES;
				LastSwiftUpdateCheck = 0910;
				LastUpgradeCheck = 2630;
				ORGANIZATIONNAME = "EP Studios";
				TargetAttributes = {
					8E6E559C1FD30B66004B1B2F = {
						CreatedOnToolsVersion = 9.1;
						LastSwiftMigration = 1020;
						ProvisioningStyle = Automatic;
					};
					8E6E55B01FD30B66004B1B2F = {
						CreatedOnToolsVersion = 9.1;
						LastSwiftMigration = 1020;
						ProvisioningStyle = Automatic;
						TestTargetID = 8E6E559C1FD30B66004B1B2F;
					};
				};
			};
			buildConfigurationList = 8E6E55981FD30B66004B1B2F /* Build configuration list for PBXProject "EP QTc" */;
			compatibilityVersion = "Xcode 8.0";
			developmentRegion = en;
			hasScannedForEncodings = 0;
			knownRegions = (
				en,
				Base,
			);
			mainGroup = 8E6E55941FD30B66004B1B2F;
			packageReferences = (
				8E11AD912F3925070070F898 /* XCRemoteSwiftPackageReference "QTcPackage" */,
				8E37AA672F3A5E9E0061A041 /* XCRemoteSwiftPackageReference "Validator" */,
				8E37AA6A2F3A63D00061A041 /* XCRemoteSwiftPackageReference "SigmaSwiftStatistics" */,
				8E37AA6D2F3A660F0061A041 /* XCRemoteSwiftPackageReference "Charts" */,
			);
			productRefGroup = 8E6E559E1FD30B66004B1B2F /* Products */;
			projectDirPath = "";
			projectRoot = "";
			targets = (
				8E6E559C1FD30B66004B1B2F /* EP QTc */,
				8E6E55B01FD30B66004B1B2F /* EP QTcTests */,
			);
		};
/* End PBXProject section */

/* Begin PBXResourcesBuildPhase section */
		8E6E559B1FD30B66004B1B2F /* Resources */ = {
			isa = PBXResourcesBuildPhase;
			buildActionMask = 2147483647;
			files = (
				8E6E55AB1FD30B66004B1B2F /* LaunchScreen.storyboard in Resources */,
				8EB7E1EA20BE3FBB00031FF4 /* docs in Resources */,
				8E6E55A81FD30B66004B1B2F /* Assets.xcassets in Resources */,
				8E6E55A61FD30B66004B1B2F /* Main.storyboard in Resources */,
			);
			runOnlyForDeploymentPostprocessing = 0;
		};
		8E6E55AF1FD30B66004B1B2F /* Resources */ = {
			isa = PBXResourcesBuildPhase;
			buildActionMask = 2147483647;
			files = (
			);
			runOnlyForDeploymentPostprocessing = 0;
		};
/* End PBXResourcesBuildPhase section */

/* Begin PBXSourcesBuildPhase section */
		8E6E55991FD30B66004B1B2F /* Sources */ = {
			isa = PBXSourcesBuildPhase;
			buildActionMask = 2147483647;
			files = (
				8E50622E206B123C00BF9C3E /* StatsViewModel.swift in Sources */,
				8ED6619E209CD5AE000513B1 /* Severity.swift in Sources */,
				8E47B1E42097F9CE0042C5F9 /* LimitsCell.swift in Sources */,
				8E10B7DD1FDA428A00A729D2 /* ResultsTableViewController.swift in Sources */,
				8EE53A3C20BB124E00F7D1FF /* HelpViewController.swift in Sources */,
				8E47B1D52091543E0042C5F9 /* QTcLimitsTableViewController.swift in Sources */,
				8E47B1D2208F8FF10042C5F9 /* Preferences.swift in Sources */,
				8EBE89D1205C37F700A60296 /* EquationCell.swift in Sources */,
				8EBE89D3205C3A2400A60296 /* DetailsCell.swift in Sources */,
				8ED652A320A35FFF00001ABB /* GraphViewModel.swift in Sources */,
				8E0B892D1FE0620B0018D8D1 /* QtFormulas.swift in Sources */,
				8ECE0CED207E691800135717 /* Calculator.swift in Sources */,
				8EEC282E2051D0750060A5AD /* SingleLabelCell.swift in Sources */,
				8E6E55C11FD31D3A004B1B2F /* CalculatorViewController.swift in Sources */,
				8E3FD15B20A1EBC1005E2943 /* QTpRRViewController.swift in Sources */,
				8E9674C62049032200D49C05 /* ResultViewModel.swift in Sources */,
				8E702DF921B60E170095BF87 /* ParameterCell.swift in Sources */,
				8ED6619C209CC83F000513B1 /* LimitsDescriptionCell.swift in Sources */,
				8E7E241D2080FFE400A1BE89 /* GraphViewController.swift in Sources */,
				8E47B1D920937C000042C5F9 /* InterpretationCell.swift in Sources */,
				8E50622A206B099600BF9C3E /* StatsTableViewController.swift in Sources */,
				8E0B892B1FDF9AA70018D8D1 /* About.swift in Sources */,
				8EEC28302051D09D0060A5AD /* TwoLabelCell.swift in Sources */,
				8E5B0E412097FF4700F7AA9C /* LimitsReferenceCell.swift in Sources */,
				8E50622C206B0A2800BF9C3E /* StatsModel.swift in Sources */,
				8E0A142E23E2312800BEFC4C /* System.swift in Sources */,
				8EA5108D20509EB600D77A77 /* FormulaNameCell.swift in Sources */,
				8E47B1D020878F0D0042C5F9 /* PreferencesTableViewController.swift in Sources */,
				8E6E55A11FD30B66004B1B2F /* AppDelegate.swift in Sources */,
				8E30F0141FDDC1830072E5A8 /* CalculatorTextField.swift in Sources */,
				8E47B1DB209571840042C5F9 /* ResultsModel.swift in Sources */,
				8EE870DB2018F19D00833493 /* DetailsTableViewController.swift in Sources */,
				8E5BA617206B1E6500B35B12 /* SimpleStatsCell.swift in Sources */,
				8E6E55C31FD32643004B1B2F /* Measurements.swift in Sources */,
				8E9674CB204917C500D49C05 /* DetailsModel.swift in Sources */,
				8EDB08432059EAC7008123D9 /* ResultCell.swift in Sources */,
				8E8C22941FECA6AE000A1C9A /* ResultTableViewCell.swift in Sources */,
				8E097EEE1FDE1489003F380A /* AgeTextField.swift in Sources */,
				8E47B1D72092AFEE0042C5F9 /* ResultModel.swift in Sources */,
				8EBE89D5205C3CD900A60296 /* ReferenceCell.swift in Sources */,
				8E9674C9204909A200D49C05 /* DetailsViewModel.swift in Sources */,
				8EBE89D7205C3CEA00A60296 /* NotesCell.swift in Sources */,
				8ED652A520A36B3800001ABB /* QTpRRViewModel.swift in Sources */,
				8E2A6F4E21F7E2B800756BB9 /* Alerts.swift in Sources */,
				8E47B1E12096DE1E0042C5F9 /* BalloonMarker.swift in Sources */,
			);
			runOnlyForDeploymentPostprocessing = 0;
		};
		8E6E55AD1FD30B66004B1B2F /* Sources */ = {
			isa = PBXSourcesBuildPhase;
			buildActionMask = 2147483647;
			files = (
				8E6E55B61FD30B66004B1B2F /* EP_QTcTests.swift in Sources */,
			);
			runOnlyForDeploymentPostprocessing = 0;
		};
/* End PBXSourcesBuildPhase section */

/* Begin PBXTargetDependency section */
		8E6E55B31FD30B66004B1B2F /* PBXTargetDependency */ = {
			isa = PBXTargetDependency;
			target = 8E6E559C1FD30B66004B1B2F /* EP QTc */;
			targetProxy = 8E6E55B21FD30B66004B1B2F /* PBXContainerItemProxy */;
		};
/* End PBXTargetDependency section */

/* Begin PBXVariantGroup section */
		8E6E55A41FD30B66004B1B2F /* Main.storyboard */ = {
			isa = PBXVariantGroup;
			children = (
				8E6E55A51FD30B66004B1B2F /* Base */,
			);
			name = Main.storyboard;
			sourceTree = "<group>";
		};
		8E6E55A91FD30B66004B1B2F /* LaunchScreen.storyboard */ = {
			isa = PBXVariantGroup;
			children = (
				8E6E55AA1FD30B66004B1B2F /* Base */,
			);
			name = LaunchScreen.storyboard;
			sourceTree = "<group>";
		};
/* End PBXVariantGroup section */

/* Begin XCBuildConfiguration section */
		8E6E55B81FD30B66004B1B2F /* Debug */ = {
			isa = XCBuildConfiguration;
			buildSettings = {
				ALWAYS_SEARCH_USER_PATHS = NO;
				CLANG_ANALYZER_NONNULL = YES;
				CLANG_ANALYZER_NUMBER_OBJECT_CONVERSION = YES_AGGRESSIVE;
				CLANG_CXX_LANGUAGE_STANDARD = "gnu++14";
				CLANG_CXX_LIBRARY = "libc++";
				CLANG_ENABLE_MODULES = YES;
				CLANG_ENABLE_OBJC_ARC = YES;
				CLANG_WARN_BLOCK_CAPTURE_AUTORELEASING = YES;
				CLANG_WARN_BOOL_CONVERSION = YES;
				CLANG_WARN_COMMA = YES;
				CLANG_WARN_CONSTANT_CONVERSION = YES;
				CLANG_WARN_DEPRECATED_OBJC_IMPLEMENTATIONS = YES;
				CLANG_WARN_DIRECT_OBJC_ISA_USAGE = YES_ERROR;
				CLANG_WARN_DOCUMENTATION_COMMENTS = YES;
				CLANG_WARN_EMPTY_BODY = YES;
				CLANG_WARN_ENUM_CONVERSION = YES;
				CLANG_WARN_INFINITE_RECURSION = YES;
				CLANG_WARN_INT_CONVERSION = YES;
				CLANG_WARN_NON_LITERAL_NULL_CONVERSION = YES;
				CLANG_WARN_OBJC_IMPLICIT_RETAIN_SELF = YES;
				CLANG_WARN_OBJC_LITERAL_CONVERSION = YES;
				CLANG_WARN_OBJC_ROOT_CLASS = YES_ERROR;
				CLANG_WARN_QUOTED_INCLUDE_IN_FRAMEWORK_HEADER = NO;
				CLANG_WARN_RANGE_LOOP_ANALYSIS = YES;
				CLANG_WARN_STRICT_PROTOTYPES = YES;
				CLANG_WARN_SUSPICIOUS_MOVE = YES;
				CLANG_WARN_UNGUARDED_AVAILABILITY = YES_AGGRESSIVE;
				CLANG_WARN_UNREACHABLE_CODE = YES;
				CLANG_WARN__DUPLICATE_METHOD_MATCH = YES;
				CODE_SIGN_IDENTITY = "iPhone Developer";
				COPY_PHASE_STRIP = NO;
				DEBUG_INFORMATION_FORMAT = dwarf;
				DEVELOPMENT_TEAM = W74NPJXYEG;
				ENABLE_STRICT_OBJC_MSGSEND = YES;
				ENABLE_TESTABILITY = YES;
				ENABLE_USER_SCRIPT_SANDBOXING = NO;
				GCC_C_LANGUAGE_STANDARD = gnu11;
				GCC_DYNAMIC_NO_PIC = NO;
				GCC_NO_COMMON_BLOCKS = YES;
				GCC_OPTIMIZATION_LEVEL = 0;
				GCC_PREPROCESSOR_DEFINITIONS = (
					"DEBUG=1",
					"$(inherited)",
				);
				GCC_WARN_64_TO_32_BIT_CONVERSION = YES;
				GCC_WARN_ABOUT_RETURN_TYPE = YES_ERROR;
				GCC_WARN_UNDECLARED_SELECTOR = YES;
				GCC_WARN_UNINITIALIZED_AUTOS = YES_AGGRESSIVE;
				GCC_WARN_UNUSED_FUNCTION = YES;
				GCC_WARN_UNUSED_VARIABLE = YES;
				IPHONEOS_DEPLOYMENT_TARGET = 13.0;
				MTL_ENABLE_DEBUG_INFO = YES;
				ONLY_ACTIVE_ARCH = YES;
				SDKROOT = iphoneos;
				STRING_CATALOG_GENERATE_SYMBOLS = YES;
				SWIFT_ACTIVE_COMPILATION_CONDITIONS = DEBUG;
				SWIFT_OPTIMIZATION_LEVEL = "-Onone";
			};
			name = Debug;
		};
		8E6E55B91FD30B66004B1B2F /* Release */ = {
			isa = XCBuildConfiguration;
			buildSettings = {
				ALWAYS_SEARCH_USER_PATHS = NO;
				CLANG_ANALYZER_NONNULL = YES;
				CLANG_ANALYZER_NUMBER_OBJECT_CONVERSION = YES_AGGRESSIVE;
				CLANG_CXX_LANGUAGE_STANDARD = "gnu++14";
				CLANG_CXX_LIBRARY = "libc++";
				CLANG_ENABLE_MODULES = YES;
				CLANG_ENABLE_OBJC_ARC = YES;
				CLANG_WARN_BLOCK_CAPTURE_AUTORELEASING = YES;
				CLANG_WARN_BOOL_CONVERSION = YES;
				CLANG_WARN_COMMA = YES;
				CLANG_WARN_CONSTANT_CONVERSION = YES;
				CLANG_WARN_DEPRECATED_OBJC_IMPLEMENTATIONS = YES;
				CLANG_WARN_DIRECT_OBJC_ISA_USAGE = YES_ERROR;
				CLANG_WARN_DOCUMENTATION_COMMENTS = YES;
				CLANG_WARN_EMPTY_BODY = YES;
				CLANG_WARN_ENUM_CONVERSION = YES;
				CLANG_WARN_INFINITE_RECURSION = YES;
				CLANG_WARN_INT_CONVERSION = YES;
				CLANG_WARN_NON_LITERAL_NULL_CONVERSION = YES;
				CLANG_WARN_OBJC_IMPLICIT_RETAIN_SELF = YES;
				CLANG_WARN_OBJC_LITERAL_CONVERSION = YES;
				CLANG_WARN_OBJC_ROOT_CLASS = YES_ERROR;
				CLANG_WARN_QUOTED_INCLUDE_IN_FRAMEWORK_HEADER = NO;
				CLANG_WARN_RANGE_LOOP_ANALYSIS = YES;
				CLANG_WARN_STRICT_PROTOTYPES = YES;
				CLANG_WARN_SUSPICIOUS_MOVE = YES;
				CLANG_WARN_UNGUARDED_AVAILABILITY = YES_AGGRESSIVE;
				CLANG_WARN_UNREACHABLE_CODE = YES;
				CLANG_WARN__DUPLICATE_METHOD_MATCH = YES;
				CODE_SIGN_IDENTITY = "iPhone Developer";
				COPY_PHASE_STRIP = NO;
				DEBUG_INFORMATION_FORMAT = "dwarf-with-dsym";
				DEVELOPMENT_TEAM = W74NPJXYEG;
				ENABLE_NS_ASSERTIONS = NO;
				ENABLE_STRICT_OBJC_MSGSEND = YES;
				ENABLE_USER_SCRIPT_SANDBOXING = NO;
				GCC_C_LANGUAGE_STANDARD = gnu11;
				GCC_NO_COMMON_BLOCKS = YES;
				GCC_WARN_64_TO_32_BIT_CONVERSION = YES;
				GCC_WARN_ABOUT_RETURN_TYPE = YES_ERROR;
				GCC_WARN_UNDECLARED_SELECTOR = YES;
				GCC_WARN_UNINITIALIZED_AUTOS = YES_AGGRESSIVE;
				GCC_WARN_UNUSED_FUNCTION = YES;
				GCC_WARN_UNUSED_VARIABLE = YES;
				IPHONEOS_DEPLOYMENT_TARGET = 13.0;
				MTL_ENABLE_DEBUG_INFO = NO;
				SDKROOT = iphoneos;
				STRING_CATALOG_GENERATE_SYMBOLS = YES;
				SWIFT_COMPILATION_MODE = wholemodule;
				SWIFT_OPTIMIZATION_LEVEL = "-O";
				VALIDATE_PRODUCT = YES;
			};
			name = Release;
		};
		8E6E55BB1FD30B66004B1B2F /* Debug */ = {
			isa = XCBuildConfiguration;
			buildSettings = {
				ASSETCATALOG_COMPILER_APPICON_NAME = AppIcon;
				CODE_SIGN_ENTITLEMENTS = "EP QTc/EP QTc.entitlements";
				CODE_SIGN_STYLE = Automatic;
				CURRENT_PROJECT_VERSION = 19;
				DEFINES_MODULE = NO;
				DERIVE_MACCATALYST_PRODUCT_BUNDLE_IDENTIFIER = NO;
				ENABLE_APP_SANDBOX = YES;
				ENABLE_OUTGOING_NETWORK_CONNECTIONS = YES;
				ENABLE_RESOURCE_ACCESS_PHOTO_LIBRARY = YES;
				INFOPLIST_FILE = "EP QTc/Info.plist";
				INFOPLIST_KEY_LSApplicationCategoryType = "public.app-category.medical";
				IPHONEOS_DEPLOYMENT_TARGET = 13.0;
				LD_RUNPATH_SEARCH_PATHS = (
					"$(inherited)",
					"@executable_path/Frameworks",
				);
				MARKETING_VERSION = 1.9.0;
				PRODUCT_BUNDLE_IDENTIFIER = "org.epstudios.EP-QTc";
				PRODUCT_NAME = "$(TARGET_NAME)";
				SUPPORTS_MACCATALYST = YES;
				SWIFT_VERSION = 5.0;
				TARGETED_DEVICE_FAMILY = "1,2";
			};
			name = Debug;
		};
		8E6E55BC1FD30B66004B1B2F /* Release */ = {
			isa = XCBuildConfiguration;
			buildSettings = {
				ASSETCATALOG_COMPILER_APPICON_NAME = AppIcon;
				CODE_SIGN_ENTITLEMENTS = "EP QTc/EP QTc.entitlements";
				CODE_SIGN_STYLE = Automatic;
				CURRENT_PROJECT_VERSION = 19;
				DEFINES_MODULE = NO;
				DERIVE_MACCATALYST_PRODUCT_BUNDLE_IDENTIFIER = NO;
				ENABLE_APP_SANDBOX = YES;
				ENABLE_OUTGOING_NETWORK_CONNECTIONS = YES;
				ENABLE_RESOURCE_ACCESS_PHOTO_LIBRARY = YES;
				INFOPLIST_FILE = "EP QTc/Info.plist";
				INFOPLIST_KEY_LSApplicationCategoryType = "public.app-category.medical";
				IPHONEOS_DEPLOYMENT_TARGET = 13.0;
				LD_RUNPATH_SEARCH_PATHS = (
					"$(inherited)",
					"@executable_path/Frameworks",
				);
				MARKETING_VERSION = 1.9.0;
				PRODUCT_BUNDLE_IDENTIFIER = "org.epstudios.EP-QTc";
				PRODUCT_NAME = "$(TARGET_NAME)";
				SUPPORTS_MACCATALYST = YES;
				SWIFT_VERSION = 5.0;
				TARGETED_DEVICE_FAMILY = "1,2";
			};
			name = Release;
		};
		8E6E55BE1FD30B66004B1B2F /* Debug */ = {
			isa = XCBuildConfiguration;
			buildSettings = {
				BUNDLE_LOADER = "$(TEST_HOST)";
				CODE_SIGN_STYLE = Automatic;
				INFOPLIST_FILE = "EP QTcTests/Info.plist";
				IPHONEOS_DEPLOYMENT_TARGET = 13.0;
				LD_RUNPATH_SEARCH_PATHS = (
					"$(inherited)",
					"@executable_path/Frameworks",
					"@loader_path/Frameworks",
				);
				PRODUCT_BUNDLE_IDENTIFIER = "org.epstudios.EP-QTcTests";
				PRODUCT_NAME = "$(TARGET_NAME)";
				SWIFT_VERSION = 5.0;
				TARGETED_DEVICE_FAMILY = "1,2";
				TEST_HOST = "$(BUILT_PRODUCTS_DIR)/EP QTc.app/EP QTc";
			};
			name = Debug;
		};
		8E6E55BF1FD30B66004B1B2F /* Release */ = {
			isa = XCBuildConfiguration;
			buildSettings = {
				BUNDLE_LOADER = "$(TEST_HOST)";
				CODE_SIGN_STYLE = Automatic;
				INFOPLIST_FILE = "EP QTcTests/Info.plist";
				IPHONEOS_DEPLOYMENT_TARGET = 13.0;
				LD_RUNPATH_SEARCH_PATHS = (
					"$(inherited)",
					"@executable_path/Frameworks",
					"@loader_path/Frameworks",
				);
				PRODUCT_BUNDLE_IDENTIFIER = "org.epstudios.EP-QTcTests";
				PRODUCT_NAME = "$(TARGET_NAME)";
				SWIFT_VERSION = 5.0;
				TARGETED_DEVICE_FAMILY = "1,2";
				TEST_HOST = "$(BUILT_PRODUCTS_DIR)/EP QTc.app/EP QTc";
			};
			name = Release;
		};
/* End XCBuildConfiguration section */

/* Begin XCConfigurationList section */
		8E6E55981FD30B66004B1B2F /* Build configuration list for PBXProject "EP QTc" */ = {
			isa = XCConfigurationList;
			buildConfigurations = (
				8E6E55B81FD30B66004B1B2F /* Debug */,
				8E6E55B91FD30B66004B1B2F /* Release */,
			);
			defaultConfigurationIsVisible = 0;
			defaultConfigurationName = Release;
		};
		8E6E55BA1FD30B66004B1B2F /* Build configuration list for PBXNativeTarget "EP QTc" */ = {
			isa = XCConfigurationList;
			buildConfigurations = (
				8E6E55BB1FD30B66004B1B2F /* Debug */,
				8E6E55BC1FD30B66004B1B2F /* Release */,
			);
			defaultConfigurationIsVisible = 0;
			defaultConfigurationName = Release;
		};
		8E6E55BD1FD30B66004B1B2F /* Build configuration list for PBXNativeTarget "EP QTcTests" */ = {
			isa = XCConfigurationList;
			buildConfigurations = (
				8E6E55BE1FD30B66004B1B2F /* Debug */,
				8E6E55BF1FD30B66004B1B2F /* Release */,
			);
			defaultConfigurationIsVisible = 0;
			defaultConfigurationName = Release;
		};
/* End XCConfigurationList section */

/* Begin XCRemoteSwiftPackageReference section */
		8E11AD912F3925070070F898 /* XCRemoteSwiftPackageReference "QTcPackage" */ = {
			isa = XCRemoteSwiftPackageReference;
			repositoryURL = "https://github.com/mannd/QTcPackage";
			requirement = {
				kind = upToNextMajorVersion;
				minimumVersion = 3.6.2;
			};
		};
		8E37AA672F3A5E9E0061A041 /* XCRemoteSwiftPackageReference "Validator" */ = {
			isa = XCRemoteSwiftPackageReference;
			repositoryURL = "https://github.com/Maxvit5/Validator.git";
			requirement = {
				branch = master;
				kind = branch;
			};
		};
		8E37AA6A2F3A63D00061A041 /* XCRemoteSwiftPackageReference "SigmaSwiftStatistics" */ = {
			isa = XCRemoteSwiftPackageReference;
			repositoryURL = "https://github.com/evgenyneu/SigmaSwiftStatistics.git";
			requirement = {
				kind = upToNextMajorVersion;
				minimumVersion = 9.0.2;
			};
		};
		8E37AA6D2F3A660F0061A041 /* XCRemoteSwiftPackageReference "Charts" */ = {
			isa = XCRemoteSwiftPackageReference;
			repositoryURL = "https://github.com/danielgindi/Charts.git";
			requirement = {
				kind = upToNextMajorVersion;
				minimumVersion = 5.1.0;
			};
		};
/* End XCRemoteSwiftPackageReference section */

/* Begin XCSwiftPackageProductDependency section */
		8E11AD922F3925070070F898 /* QTc */ = {
			isa = XCSwiftPackageProductDependency;
			package = 8E11AD912F3925070070F898 /* XCRemoteSwiftPackageReference "QTcPackage" */;
			productName = QTc;
		};
		8E11AD942F3925230070F898 /* QTc */ = {
			isa = XCSwiftPackageProductDependency;
			package = 8E11AD912F3925070070F898 /* XCRemoteSwiftPackageReference "QTcPackage" */;
			productName = QTc;
		};
		8E37AA682F3A5E9E0061A041 /* Validator */ = {
			isa = XCSwiftPackageProductDependency;
			package = 8E37AA672F3A5E9E0061A041 /* XCRemoteSwiftPackageReference "Validator" */;
			productName = Validator;
		};
		8E37AA6B2F3A63D00061A041 /* SigmaSwiftStatistics */ = {
			isa = XCSwiftPackageProductDependency;
			package = 8E37AA6A2F3A63D00061A041 /* XCRemoteSwiftPackageReference "SigmaSwiftStatistics" */;
			productName = SigmaSwiftStatistics;
		};
		8E37AA6E2F3A660F0061A041 /* DGCharts */ = {
			isa = XCSwiftPackageProductDependency;
			package = 8E37AA6D2F3A660F0061A041 /* XCRemoteSwiftPackageReference "Charts" */;
			productName = DGCharts;
		};
/* End XCSwiftPackageProductDependency section */
	};
	rootObject = 8E6E55951FD30B66004B1B2F /* Project object */;
}
